
Microsoft Visual Studio Solution File, Format Version 12.00
# Visual Studio 15
VisualStudioVersion = 15.0.26730.3
MinimumVisualStudioVersion = 10.0.40219.1
Project("{FAE04EC0-301F-11D3-BF4B-00C04F79EFBC}") = "ts-sample", "ts-sample\ts-sample.csproj", "{CEEC35FD-35AF-4432-9432-61241E7B0512}"
EndProject
Global
	GlobalSection(SolutionConfigurationPlatforms) = preSolution
		Debug|Any CPU = Debug|Any CPU
		Release|Any CPU = Release|Any CPU
	EndGlobalSection
	GlobalSection(ProjectConfigurationPlatforms) = postSolution
		{CEEC35FD-35AF-4432-9432-61241E7B0512}.Debug|Any CPU.ActiveCfg = Debug|Any CPU
		{CEEC35FD-35AF-4432-9432-61241E7B0512}.Debug|Any CPU.Build.0 = Debug|Any CPU
		{CEEC35FD-35AF-4432-9432-61241E7B0512}.Release|Any CPU.ActiveCfg = Release|Any CPU
		{CEEC35FD-35AF-4432-9432-61241E7B0512}.Release|Any CPU.Build.0 = Release|Any CPU
	EndGlobalSection
	GlobalSection(SolutionProperties) = preSolution
		HideSolutionNode = FALSE
	EndGlobalSection
	GlobalSection(ExtensibilityGlobals) = postSolution
		SolutionGuid = {4A344591-CEC7-479C-B465-E2C1F10805FE}
	EndGlobalSection
EndGlobal
